
Microsoft Visual Studio Solution File, Format Version 12.00
# Visual Studio Version 17
VisualStudioVersion = 17.0.31903.59
MinimumVisualStudioVersion = 10.0.40219.1
Project("{FAE04EC0-301F-11D3-BF4B-00C04F79EFBC}") = "Day1", "Day1\Day1.csproj", "{67689F80-9C33-488C-9E4A-8BD2FB45C856}"
EndProject
Project("{FAE04EC0-301F-11D3-BF4B-00C04F79EFBC}") = "Day1Test", "Day1Test\Day1Test.csproj", "{277C1A12-DA9D-4028-8F8B-4CDB76683E65}"
EndProject
Global
	GlobalSection(SolutionConfigurationPlatforms) = preSolution
		Debug|Any CPU = Debug|Any CPU
		Release|Any CPU = Release|Any CPU
	EndGlobalSection
	GlobalSection(SolutionProperties) = preSolution
		HideSolutionNode = FALSE
	EndGlobalSection
	GlobalSection(ProjectConfigurationPlatforms) = postSolution
		{67689F80-9C33-488C-9E4A-8BD2FB45C856}.Debug|Any CPU.ActiveCfg = Debug|Any CPU
		{67689F80-9C33-488C-9E4A-8BD2FB45C856}.Debug|Any CPU.Build.0 = Debug|Any CPU
		{67689F80-9C33-488C-9E4A-8BD2FB45C856}.Release|Any CPU.ActiveCfg = Release|Any CPU
		{67689F80-9C33-488C-9E4A-8BD2FB45C856}.Release|Any CPU.Build.0 = Release|Any CPU
		{277C1A12-DA9D-4028-8F8B-4CDB76683E65}.Debug|Any CPU.ActiveCfg = Debug|Any CPU
		{277C1A12-DA9D-4028-8F8B-4CDB76683E65}.Debug|Any CPU.Build.0 = Debug|Any CPU
		{277C1A12-DA9D-4028-8F8B-4CDB76683E65}.Release|Any CPU.ActiveCfg = Release|Any CPU
		{277C1A12-DA9D-4028-8F8B-4CDB76683E65}.Release|Any CPU.Build.0 = Release|Any CPU
	EndGlobalSection
EndGlobal
