
Microsoft Visual Studio Solution File, Format Version 12.00
# Visual Studio Version 17
VisualStudioVersion = 17.0.31903.59
MinimumVisualStudioVersion = 10.0.40219.1
Project("{FAE04EC0-301F-11D3-BF4B-00C04F79EFBC}") = "Day17", "Day17\Day17.csproj", "{3270DFF0-3E95-481D-826E-4E339AB94E3B}"
EndProject
Project("{FAE04EC0-301F-11D3-BF4B-00C04F79EFBC}") = "Day17test", "Day17test\Day17test.csproj", "{47B27DB8-444F-4AED-B30A-1C5E474B84A9}"
EndProject
Global
	GlobalSection(SolutionConfigurationPlatforms) = preSolution
		Debug|Any CPU = Debug|Any CPU
		Release|Any CPU = Release|Any CPU
	EndGlobalSection
	GlobalSection(SolutionProperties) = preSolution
		HideSolutionNode = FALSE
	EndGlobalSection
	GlobalSection(ProjectConfigurationPlatforms) = postSolution
		{3270DFF0-3E95-481D-826E-4E339AB94E3B}.Debug|Any CPU.ActiveCfg = Debug|Any CPU
		{3270DFF0-3E95-481D-826E-4E339AB94E3B}.Debug|Any CPU.Build.0 = Debug|Any CPU
		{3270DFF0-3E95-481D-826E-4E339AB94E3B}.Release|Any CPU.ActiveCfg = Release|Any CPU
		{3270DFF0-3E95-481D-826E-4E339AB94E3B}.Release|Any CPU.Build.0 = Release|Any CPU
		{47B27DB8-444F-4AED-B30A-1C5E474B84A9}.Debug|Any CPU.ActiveCfg = Debug|Any CPU
		{47B27DB8-444F-4AED-B30A-1C5E474B84A9}.Debug|Any CPU.Build.0 = Debug|Any CPU
		{47B27DB8-444F-4AED-B30A-1C5E474B84A9}.Release|Any CPU.ActiveCfg = Release|Any CPU
		{47B27DB8-444F-4AED-B30A-1C5E474B84A9}.Release|Any CPU.Build.0 = Release|Any CPU
	EndGlobalSection
EndGlobal
